
Microsoft Visual Studio Solution File, Format Version 12.00
# Visual Studio Version 16
VisualStudioVersion = 16.0.28922.388
MinimumVisualStudioVersion = 10.0.40219.1
Project("{FAE04EC0-301F-11D3-BF4B-00C04F79EFBC}") = "Actividad1", "Actividad1\Actividad1.csproj", "{965A6694-B388-4D85-BC7D-8D465E7B1628}"
EndProject
Project("{FAE04EC0-301F-11D3-BF4B-00C04F79EFBC}") = "modelo", "modelo\modelo.csproj", "{735C704C-F091-4B6A-951B-DD5724196F03}"
EndProject
Global
	GlobalSection(SolutionConfigurationPlatforms) = preSolution
		Debug|Any CPU = Debug|Any CPU
		Release|Any CPU = Release|Any CPU
	EndGlobalSection
	GlobalSection(ProjectConfigurationPlatforms) = postSolution
		{965A6694-B388-4D85-BC7D-8D465E7B1628}.Debug|Any CPU.ActiveCfg = Debug|Any CPU
		{965A6694-B388-4D85-BC7D-8D465E7B1628}.Debug|Any CPU.Build.0 = Debug|Any CPU
		{965A6694-B388-4D85-BC7D-8D465E7B1628}.Release|Any CPU.ActiveCfg = Release|Any CPU
		{965A6694-B388-4D85-BC7D-8D465E7B1628}.Release|Any CPU.Build.0 = Release|Any CPU
		{735C704C-F091-4B6A-951B-DD5724196F03}.Debug|Any CPU.ActiveCfg = Debug|Any CPU
		{735C704C-F091-4B6A-951B-DD5724196F03}.Debug|Any CPU.Build.0 = Debug|Any CPU
		{735C704C-F091-4B6A-951B-DD5724196F03}.Release|Any CPU.ActiveCfg = Release|Any CPU
		{735C704C-F091-4B6A-951B-DD5724196F03}.Release|Any CPU.Build.0 = Release|Any CPU
	EndGlobalSection
	GlobalSection(SolutionProperties) = preSolution
		HideSolutionNode = FALSE
	EndGlobalSection
	GlobalSection(ExtensibilityGlobals) = postSolution
		SolutionGuid = {CE55DE00-8234-4137-B099-7894E0FCA23C}
	EndGlobalSection
EndGlobal
